{
<<<<<<< HEAD
  "name": "ShareFly",
  "lockfileVersion": 3,
  "requires": true,
  "packages": {}
=======
  "name": "sharefly",
  "version": "1.0.0",
  "lockfileVersion": 3,
  "requires": true,
  "packages": {
    "": {
      "name": "sharefly",
      "version": "1.0.0",
      "license": "ISC"
    }
  }
>>>>>>> origin/backend_dicky
}
